
Microsoft Visual Studio Solution File, Format Version 12.00
# Visual Studio Version 17
VisualStudioVersion = 17.4.33205.214
MinimumVisualStudioVersion = 10.0.40219.1
Project("{FAE04EC0-301F-11D3-BF4B-00C04F79EFBC}") = "WPF-LoginForm", "WPF-LoginForm\WPF-LoginForm.csproj", "{CE7DFBF7-77DF-4CE7-94F7-ABA952C703C0}"
EndProject
Global
	GlobalSection(SolutionConfigurationPlatforms) = preSolution
		Debug|Any CPU = Debug|Any CPU
		Release|Any CPU = Release|Any CPU
	EndGlobalSection
	GlobalSection(ProjectConfigurationPlatforms) = postSolution
		{CE7DFBF7-77DF-4CE7-94F7-ABA952C703C0}.Debug|Any CPU.ActiveCfg = Debug|Any CPU
		{CE7DFBF7-77DF-4CE7-94F7-ABA952C703C0}.Debug|Any CPU.Build.0 = Debug|Any CPU
		{CE7DFBF7-77DF-4CE7-94F7-ABA952C703C0}.Release|Any CPU.ActiveCfg = Release|Any CPU
		{CE7DFBF7-77DF-4CE7-94F7-ABA952C703C0}.Release|Any CPU.Build.0 = Release|Any CPU
	EndGlobalSection
	GlobalSection(SolutionProperties) = preSolution
		HideSolutionNode = FALSE
	EndGlobalSection
	GlobalSection(ExtensibilityGlobals) = postSolution
		SolutionGuid = {4B913B9D-DF9C-450B-A7CF-400CDFE76CB4}
	EndGlobalSection
EndGlobal
